
Microsoft Visual Studio Solution File, Format Version 12.00
# Visual Studio Version 17
VisualStudioVersion = 17.7.34031.279
MinimumVisualStudioVersion = 10.0.40219.1
Project("{FAE04EC0-301F-11D3-BF4B-00C04F79EFBC}") = "w01p03", "w01p03\w01p03.csproj", "{079D887B-D6EB-458D-BD38-1E77D74919A2}"
EndProject
Global
	GlobalSection(SolutionConfigurationPlatforms) = preSolution
		Debug|Any CPU = Debug|Any CPU
		Release|Any CPU = Release|Any CPU
	EndGlobalSection
	GlobalSection(ProjectConfigurationPlatforms) = postSolution
		{079D887B-D6EB-458D-BD38-1E77D74919A2}.Debug|Any CPU.ActiveCfg = Debug|Any CPU
		{079D887B-D6EB-458D-BD38-1E77D74919A2}.Debug|Any CPU.Build.0 = Debug|Any CPU
		{079D887B-D6EB-458D-BD38-1E77D74919A2}.Release|Any CPU.ActiveCfg = Release|Any CPU
		{079D887B-D6EB-458D-BD38-1E77D74919A2}.Release|Any CPU.Build.0 = Release|Any CPU
	EndGlobalSection
	GlobalSection(SolutionProperties) = preSolution
		HideSolutionNode = FALSE
	EndGlobalSection
	GlobalSection(ExtensibilityGlobals) = postSolution
		SolutionGuid = {97F0BDF8-570F-4969-8EFD-E0153C133B4F}
	EndGlobalSection
EndGlobal
